
Microsoft Visual Studio Solution File, Format Version 12.00
Project("{FAE04EC0-301F-11D3-BF4B-00C04F79EFBC}") = "Numeric_lab4_CS", "Numeric_lab4_CS\Numeric_lab4_CS.csproj", "{EC4E4043-69A7-416D-ABF6-54B0BF5C3D53}"
EndProject
Project("{FAE04EC0-301F-11D3-BF4B-00C04F79EFBC}") = "Test", "Test\Test.csproj", "{DABA2EA9-9C2A-4995-B0EE-F4C2FC505F53}"
EndProject
Global
	GlobalSection(SolutionConfigurationPlatforms) = preSolution
		Debug|Any CPU = Debug|Any CPU
		Release|Any CPU = Release|Any CPU
	EndGlobalSection
	GlobalSection(ProjectConfigurationPlatforms) = postSolution
		{EC4E4043-69A7-416D-ABF6-54B0BF5C3D53}.Debug|Any CPU.ActiveCfg = Debug|Any CPU
		{EC4E4043-69A7-416D-ABF6-54B0BF5C3D53}.Debug|Any CPU.Build.0 = Debug|Any CPU
		{EC4E4043-69A7-416D-ABF6-54B0BF5C3D53}.Release|Any CPU.ActiveCfg = Release|Any CPU
		{EC4E4043-69A7-416D-ABF6-54B0BF5C3D53}.Release|Any CPU.Build.0 = Release|Any CPU
		{DABA2EA9-9C2A-4995-B0EE-F4C2FC505F53}.Debug|Any CPU.ActiveCfg = Debug|Any CPU
		{DABA2EA9-9C2A-4995-B0EE-F4C2FC505F53}.Debug|Any CPU.Build.0 = Debug|Any CPU
		{DABA2EA9-9C2A-4995-B0EE-F4C2FC505F53}.Release|Any CPU.ActiveCfg = Release|Any CPU
		{DABA2EA9-9C2A-4995-B0EE-F4C2FC505F53}.Release|Any CPU.Build.0 = Release|Any CPU
	EndGlobalSection
EndGlobal
